// !$*UTF8*$!
{
	archiveVersion = 1;
	classes = {
	};
	objectVersion = 46;
	objects = {

/* Begin PBXBuildFile section */
		CFF3B0A7191999A100F9598B /* Foundation.framework in Frameworks */ = {isa = PBXBuildFile; fileRef = CFF3B0A6191999A100F9598B /* Foundation.framework */; };
		CFF3B0A9191999A100F9598B /* CoreGraphics.framework in Frameworks */ = {isa = PBXBuildFile; fileRef = CFF3B0A8191999A100F9598B /* CoreGraphics.framework */; };
		CFF3B0AB191999A100F9598B /* UIKit.framework in Frameworks */ = {isa = PBXBuildFile; fileRef = CFF3B0AA191999A100F9598B /* UIKit.framework */; };
		CFF3B0B1191999A100F9598B /* InfoPlist.strings in Resources */ = {isa = PBXBuildFile; fileRef = CFF3B0AF191999A100F9598B /* InfoPlist.strings */; };
		CFF3B0B3191999A100F9598B /* main.m in Sources */ = {isa = PBXBuildFile; fileRef = CFF3B0B2191999A100F9598B /* main.m */; };
		CFF3B0B7191999A100F9598B /* AAIAppDelegate.m in Sources */ = {isa = PBXBuildFile; fileRef = CFF3B0B6191999A100F9598B /* AAIAppDelegate.m */; };
		CFF3B0BA191999A100F9598B /* Main.storyboard in Resources */ = {isa = PBXBuildFile; fileRef = CFF3B0B8191999A100F9598B /* Main.storyboard */; };
		CFF3B0BD191999A100F9598B /* AAIViewController.m in Sources */ = {isa = PBXBuildFile; fileRef = CFF3B0BC191999A100F9598B /* AAIViewController.m */; };
		CFF3B0BF191999A100F9598B /* Images.xcassets in Resources */ = {isa = PBXBuildFile; fileRef = CFF3B0BE191999A100F9598B /* Images.xcassets */; };
		CFF3B0C6191999A100F9598B /* XCTest.framework in Frameworks */ = {isa = PBXBuildFile; fileRef = CFF3B0C5191999A100F9598B /* XCTest.framework */; };
		CFF3B0C7191999A100F9598B /* Foundation.framework in Frameworks */ = {isa = PBXBuildFile; fileRef = CFF3B0A6191999A100F9598B /* Foundation.framework */; };
		CFF3B0C8191999A100F9598B /* UIKit.framework in Frameworks */ = {isa = PBXBuildFile; fileRef = CFF3B0AA191999A100F9598B /* UIKit.framework */; };
		CFF3B0D0191999A100F9598B /* InfoPlist.strings in Resources */ = {isa = PBXBuildFile; fileRef = CFF3B0CE191999A100F9598B /* InfoPlist.strings */; };
		CFF3B0D2191999A100F9598B /* LocationizerTests.m in Sources */ = {isa = PBXBuildFile; fileRef = CFF3B0D1191999A100F9598B /* LocationizerTests.m */; };
/* End PBXBuildFile section */

/* Begin PBXContainerItemProxy section */
		CFF3B0C9191999A100F9598B /* PBXContainerItemProxy */ = {
			isa = PBXContainerItemProxy;
			containerPortal = CFF3B09B191999A100F9598B /* Project object */;
			proxyType = 1;
			remoteGlobalIDString = CFF3B0A2191999A100F9598B;
			remoteInfo = Locationizer;
		};
/* End PBXContainerItemProxy section */

/* Begin PBXFileReference section */
		CFF3B0A3191999A100F9598B /* Locationizer.app */ = {isa = PBXFileReference; explicitFileType = wrapper.application; includeInIndex = 0; path = Locationizer.app; sourceTree = BUILT_PRODUCTS_DIR; };
		CFF3B0A6191999A100F9598B /* Foundation.framework */ = {isa = PBXFileReference; lastKnownFileType = wrapper.framework; name = Foundation.framework; path = System/Library/Frameworks/Foundation.framework; sourceTree = SDKROOT; };
		CFF3B0A8191999A100F9598B /* CoreGraphics.framework */ = {isa = PBXFileReference; lastKnownFileType = wrapper.framework; name = CoreGraphics.framework; path = System/Library/Frameworks/CoreGraphics.framework; sourceTree = SDKROOT; };
		CFF3B0AA191999A100F9598B /* UIKit.framework */ = {isa = PBXFileReference; lastKnownFileType = wrapper.framework; name = UIKit.framework; path = System/Library/Frameworks/UIKit.framework; sourceTree = SDKROOT; };
		CFF3B0AE191999A100F9598B /* Locationizer-Info.plist */ = {isa = PBXFileReference; lastKnownFileType = text.plist.xml; path = "Locationizer-Info.plist"; sourceTree = "<group>"; };
		CFF3B0B0191999A100F9598B /* en */ = {isa = PBXFileReference; lastKnownFileType = text.plist.strings; name = en; path = en.lproj/InfoPlist.strings; sourceTree = "<group>"; };
		CFF3B0B2191999A100F9598B /* main.m */ = {isa = PBXFileReference; lastKnownFileType = sourcecode.c.objc; path = main.m; sourceTree = "<group>"; };
		CFF3B0B4191999A100F9598B /* Locationizer-Prefix.pch */ = {isa = PBXFileReference; lastKnownFileType = sourcecode.c.h; path = "Locationizer-Prefix.pch"; sourceTree = "<group>"; };
		CFF3B0B5191999A100F9598B /* AAIAppDelegate.h */ = {isa = PBXFileReference; lastKnownFileType = sourcecode.c.h; path = AAIAppDelegate.h; sourceTree = "<group>"; };
		CFF3B0B6191999A100F9598B /* AAIAppDelegate.m */ = {isa = PBXFileReference; lastKnownFileType = sourcecode.c.objc; path = AAIAppDelegate.m; sourceTree = "<group>"; };
		CFF3B0B9191999A100F9598B /* Base */ = {isa = PBXFileReference; lastKnownFileType = file.storyboard; name = Base; path = Base.lproj/Main.storyboard; sourceTree = "<group>"; };
		CFF3B0BB191999A100F9598B /* AAIViewController.h */ = {isa = PBXFileReference; lastKnownFileType = sourcecode.c.h; path = AAIViewController.h; sourceTree = "<group>"; };
		CFF3B0BC191999A100F9598B /* AAIViewController.m */ = {isa = PBXFileReference; lastKnownFileType = sourcecode.c.objc; path = AAIViewController.m; sourceTree = "<group>"; };
		CFF3B0BE191999A100F9598B /* Images.xcassets */ = {isa = PBXFileReference; lastKnownFileType = folder.assetcatalog; path = Images.xcassets; sourceTree = "<group>"; };
		CFF3B0C4191999A100F9598B /* LocationizerTests.xctest */ = {isa = PBXFileReference; explicitFileType = wrapper.cfbundle; includeInIndex = 0; path = LocationizerTests.xctest; sourceTree = BUILT_PRODUCTS_DIR; };
		CFF3B0C5191999A100F9598B /* XCTest.framework */ = {isa = PBXFileReference; lastKnownFileType = wrapper.framework; name = XCTest.framework; path = Library/Frameworks/XCTest.framework; sourceTree = DEVELOPER_DIR; };
		CFF3B0CD191999A100F9598B /* LocationizerTests-Info.plist */ = {isa = PBXFileReference; lastKnownFileType = text.plist.xml; path = "LocationizerTests-Info.plist"; sourceTree = "<group>"; };
		CFF3B0CF191999A100F9598B /* en */ = {isa = PBXFileReference; lastKnownFileType = text.plist.strings; name = en; path = en.lproj/InfoPlist.strings; sourceTree = "<group>"; };
		CFF3B0D1191999A100F9598B /* LocationizerTests.m */ = {isa = PBXFileReference; lastKnownFileType = sourcecode.c.objc; path = LocationizerTests.m; sourceTree = "<group>"; };
/* End PBXFileReference section */

/* Begin PBXFrameworksBuildPhase section */
		CFF3B0A0191999A100F9598B /* Frameworks */ = {
			isa = PBXFrameworksBuildPhase;
			buildActionMask = 2147483647;
			files = (
				CFF3B0A9191999A100F9598B /* CoreGraphics.framework in Frameworks */,
				CFF3B0AB191999A100F9598B /* UIKit.framework in Frameworks */,
				CFF3B0A7191999A100F9598B /* Foundation.framework in Frameworks */,
			);
			runOnlyForDeploymentPostprocessing = 0;
		};
		CFF3B0C1191999A100F9598B /* Frameworks */ = {
			isa = PBXFrameworksBuildPhase;
			buildActionMask = 2147483647;
			files = (
				CFF3B0C6191999A100F9598B /* XCTest.framework in Frameworks */,
				CFF3B0C8191999A100F9598B /* UIKit.framework in Frameworks */,
				CFF3B0C7191999A100F9598B /* Foundation.framework in Frameworks */,
			);
			runOnlyForDeploymentPostprocessing = 0;
		};
/* End PBXFrameworksBuildPhase section */

/* Begin PBXGroup section */
		CFF3B09A191999A100F9598B = {
			isa = PBXGroup;
			children = (
				CFF3B0AC191999A100F9598B /* Locationizer */,
				CFF3B0CB191999A100F9598B /* LocationizerTests */,
				CFF3B0A5191999A100F9598B /* Frameworks */,
				CFF3B0A4191999A100F9598B /* Products */,
			);
			sourceTree = "<group>";
		};
		CFF3B0A4191999A100F9598B /* Products */ = {
			isa = PBXGroup;
			children = (
				CFF3B0A3191999A100F9598B /* Locationizer.app */,
				CFF3B0C4191999A100F9598B /* LocationizerTests.xctest */,
			);
			name = Products;
			sourceTree = "<group>";
		};
		CFF3B0A5191999A100F9598B /* Frameworks */ = {
			isa = PBXGroup;
			children = (
				CFF3B0A6191999A100F9598B /* Foundation.framework */,
				CFF3B0A8191999A100F9598B /* CoreGraphics.framework */,
				CFF3B0AA191999A100F9598B /* UIKit.framework */,
				CFF3B0C5191999A100F9598B /* XCTest.framework */,
			);
			name = Frameworks;
			sourceTree = "<group>";
		};
		CFF3B0AC191999A100F9598B /* Locationizer */ = {
			isa = PBXGroup;
			children = (
				CFF3B0B5191999A100F9598B /* AAIAppDelegate.h */,
				CFF3B0B6191999A100F9598B /* AAIAppDelegate.m */,
				CFF3B0B8191999A100F9598B /* Main.storyboard */,
				CFF3B0BB191999A100F9598B /* AAIViewController.h */,
				CFF3B0BC191999A100F9598B /* AAIViewController.m */,
				CFF3B0BE191999A100F9598B /* Images.xcassets */,
				CFF3B0AD191999A100F9598B /* Supporting Files */,
			);
			path = Locationizer;
			sourceTree = "<group>";
		};
		CFF3B0AD191999A100F9598B /* Supporting Files */ = {
			isa = PBXGroup;
			children = (
				CFF3B0AE191999A100F9598B /* Locationizer-Info.plist */,
				CFF3B0AF191999A100F9598B /* InfoPlist.strings */,
				CFF3B0B2191999A100F9598B /* main.m */,
				CFF3B0B4191999A100F9598B /* Locationizer-Prefix.pch */,
			);
			name = "Supporting Files";
			sourceTree = "<group>";
		};
		CFF3B0CB191999A100F9598B /* LocationizerTests */ = {
			isa = PBXGroup;
			children = (
				CFF3B0D1191999A100F9598B /* LocationizerTests.m */,
				CFF3B0CC191999A100F9598B /* Supporting Files */,
			);
			path = LocationizerTests;
			sourceTree = "<group>";
		};
		CFF3B0CC191999A100F9598B /* Supporting Files */ = {
			isa = PBXGroup;
			children = (
				CFF3B0CD191999A100F9598B /* LocationizerTests-Info.plist */,
				CFF3B0CE191999A100F9598B /* InfoPlist.strings */,
			);
			name = "Supporting Files";
			sourceTree = "<group>";
		};
/* End PBXGroup section */

/* Begin PBXNativeTarget section */
		CFF3B0A2191999A100F9598B /* Locationizer */ = {
			isa = PBXNativeTarget;
			buildConfigurationList = CFF3B0D5191999A100F9598B /* Build configuration list for PBXNativeTarget "Locationizer" */;
			buildPhases = (
				CFF3B09F191999A100F9598B /* Sources */,
				CFF3B0A0191999A100F9598B /* Frameworks */,
				CFF3B0A1191999A100F9598B /* Resources */,
			);
			buildRules = (
			);
			dependencies = (
			);
			name = Locationizer;
			productName = Locationizer;
			productReference = CFF3B0A3191999A100F9598B /* Locationizer.app */;
			productType = "com.apple.product-type.application";
		};
		CFF3B0C3191999A100F9598B /* LocationizerTests */ = {
			isa = PBXNativeTarget;
			buildConfigurationList = CFF3B0D8191999A100F9598B /* Build configuration list for PBXNativeTarget "LocationizerTests" */;
			buildPhases = (
				CFF3B0C0191999A100F9598B /* Sources */,
				CFF3B0C1191999A100F9598B /* Frameworks */,
				CFF3B0C2191999A100F9598B /* Resources */,
			);
			buildRules = (
			);
			dependencies = (
				CFF3B0CA191999A100F9598B /* PBXTargetDependency */,
			);
			name = LocationizerTests;
			productName = LocationizerTests;
			productReference = CFF3B0C4191999A100F9598B /* LocationizerTests.xctest */;
			productType = "com.apple.product-type.bundle.unit-test";
		};
/* End PBXNativeTarget section */

/* Begin PBXProject section */
		CFF3B09B191999A100F9598B /* Project object */ = {
			isa = PBXProject;
			attributes = {
				CLASSPREFIX = AAI;
				LastUpgradeCheck = 0510;
				ORGANIZATIONNAME = AgencyAgency;
				TargetAttributes = {
					CFF3B0C3191999A100F9598B = {
						TestTargetID = CFF3B0A2191999A100F9598B;
					};
				};
			};
			buildConfigurationList = CFF3B09E191999A100F9598B /* Build configuration list for PBXProject "Locationizer" */;
			compatibilityVersion = "Xcode 3.2";
			developmentRegion = English;
			hasScannedForEncodings = 0;
			knownRegions = (
				en,
				Base,
			);
			mainGroup = CFF3B09A191999A100F9598B;
			productRefGroup = CFF3B0A4191999A100F9598B /* Products */;
			projectDirPath = "";
			projectRoot = "";
			targets = (
				CFF3B0A2191999A100F9598B /* Locationizer */,
				CFF3B0C3191999A100F9598B /* LocationizerTests */,
			);
		};
/* End PBXProject section */

/* Begin PBXResourcesBuildPhase section */
		CFF3B0A1191999A100F9598B /* Resources */ = {
			isa = PBXResourcesBuildPhase;
			buildActionMask = 2147483647;
			files = (
				CFF3B0BF191999A100F9598B /* Images.xcassets in Resources */,
				CFF3B0B1191999A100F9598B /* InfoPlist.strings in Resources */,
				CFF3B0BA191999A100F9598B /* Main.storyboard in Resources */,
			);
			runOnlyForDeploymentPostprocessing = 0;
		};
		CFF3B0C2191999A100F9598B /* Resources */ = {
			isa = PBXResourcesBuildPhase;
			buildActionMask = 2147483647;
			files = (
				CFF3B0D0191999A100F9598B /* InfoPlist.strings in Resources */,
			);
			runOnlyForDeploymentPostprocessing = 0;
		};
/* End PBXResourcesBuildPhase section */

/* Begin PBXSourcesBuildPhase section */
		CFF3B09F191999A100F9598B /* Sources */ = {
			isa = PBXSourcesBuildPhase;
			buildActionMask = 2147483647;
			files = (
				CFF3B0B7191999A100F9598B /* AAIAppDelegate.m in Sources */,
				CFF3B0B3191999A100F9598B /* main.m in Sources */,
				CFF3B0BD191999A100F9598B /* AAIViewController.m in Sources */,
			);
			runOnlyForDeploymentPostprocessing = 0;
		};
		CFF3B0C0191999A100F9598B /* Sources */ = {
			isa = PBXSourcesBuildPhase;
			buildActionMask = 2147483647;
			files = (
				CFF3B0D2191999A100F9598B /* LocationizerTests.m in Sources */,
			);
			runOnlyForDeploymentPostprocessing = 0;
		};
/* End PBXSourcesBuildPhase section */

/* Begin PBXTargetDependency section */
		CFF3B0CA191999A100F9598B /* PBXTargetDependency */ = {
			isa = PBXTargetDependency;
			target = CFF3B0A2191999A100F9598B /* Locationizer */;
			targetProxy = CFF3B0C9191999A100F9598B /* PBXContainerItemProxy */;
		};
/* End PBXTargetDependency section */

/* Begin PBXVariantGroup section */
		CFF3B0AF191999A100F9598B /* InfoPlist.strings */ = {
			isa = PBXVariantGroup;
			children = (
				CFF3B0B0191999A100F9598B /* en */,
			);
			name = InfoPlist.strings;
			sourceTree = "<group>";
		};
		CFF3B0B8191999A100F9598B /* Main.storyboard */ = {
			isa = PBXVariantGroup;
			children = (
				CFF3B0B9191999A100F9598B /* Base */,
			);
			name = Main.storyboard;
			sourceTree = "<group>";
		};
		CFF3B0CE191999A100F9598B /* InfoPlist.strings */ = {
			isa = PBXVariantGroup;
			children = (
				CFF3B0CF191999A100F9598B /* en */,
			);
			name = InfoPlist.strings;
			sourceTree = "<group>";
		};
/* End PBXVariantGroup section */

/* Begin XCBuildConfiguration section */
		CFF3B0D3191999A100F9598B /* Debug */ = {
			isa = XCBuildConfiguration;
			buildSettings = {
				ALWAYS_SEARCH_USER_PATHS = NO;
				CLANG_CXX_LANGUAGE_STANDARD = "gnu++0x";
				CLANG_CXX_LIBRARY = "libc++";
				CLANG_ENABLE_MODULES = YES;
				CLANG_ENABLE_OBJC_ARC = YES;
				CLANG_WARN_BOOL_CONVERSION = YES;
				CLANG_WARN_CONSTANT_CONVERSION = YES;
				CLANG_WARN_DIRECT_OBJC_ISA_USAGE = YES_ERROR;
				CLANG_WARN_EMPTY_BODY = YES;
				CLANG_WARN_ENUM_CONVERSION = YES;
				CLANG_WARN_INT_CONVERSION = YES;
				CLANG_WARN_OBJC_ROOT_CLASS = YES_ERROR;
				CLANG_WARN__DUPLICATE_METHOD_MATCH = YES;
				"CODE_SIGN_IDENTITY[sdk=iphoneos*]" = "iPhone Developer";
				COPY_PHASE_STRIP = NO;
				GCC_C_LANGUAGE_STANDARD = gnu99;
				GCC_DYNAMIC_NO_PIC = NO;
				GCC_OPTIMIZATION_LEVEL = 0;
				GCC_PREPROCESSOR_DEFINITIONS = (
					"DEBUG=1",
					"$(inherited)",
				);
				GCC_SYMBOLS_PRIVATE_EXTERN = NO;
				GCC_WARN_64_TO_32_BIT_CONVERSION = YES;
				GCC_WARN_ABOUT_RETURN_TYPE = YES_ERROR;
				GCC_WARN_UNDECLARED_SELECTOR = YES;
				GCC_WARN_UNINITIALIZED_AUTOS = YES_AGGRESSIVE;
				GCC_WARN_UNUSED_FUNCTION = YES;
				GCC_WARN_UNUSED_VARIABLE = YES;
				IPHONEOS_DEPLOYMENT_TARGET = 7.1;
				ONLY_ACTIVE_ARCH = YES;
				SDKROOT = iphoneos;
			};
			name = Debug;
		};
		CFF3B0D4191999A100F9598B /* Release */ = {
			isa = XCBuildConfiguration;
			buildSettings = {
				ALWAYS_SEARCH_USER_PATHS = NO;
				CLANG_CXX_LANGUAGE_STANDARD = "gnu++0x";
				CLANG_CXX_LIBRARY = "libc++";
				CLANG_ENABLE_MODULES = YES;
				CLANG_ENABLE_OBJC_ARC = YES;
				CLANG_WARN_BOOL_CONVERSION = YES;
				CLANG_WARN_CONSTANT_CONVERSION = YES;
				CLANG_WARN_DIRECT_OBJC_ISA_USAGE = YES_ERROR;
				CLANG_WARN_EMPTY_BODY = YES;
				CLANG_WARN_ENUM_CONVERSION = YES;
				CLANG_WARN_INT_CONVERSION = YES;
				CLANG_WARN_OBJC_ROOT_CLASS = YES_ERROR;
				CLANG_WARN__DUPLICATE_METHOD_MATCH = YES;
				"CODE_SIGN_IDENTITY[sdk=iphoneos*]" = "iPhone Developer";
				COPY_PHASE_STRIP = YES;
				ENABLE_NS_ASSERTIONS = NO;
				GCC_C_LANGUAGE_STANDARD = gnu99;
				GCC_WARN_64_TO_32_BIT_CONVERSION = YES;
				GCC_WARN_ABOUT_RETURN_TYPE = YES_ERROR;
				GCC_WARN_UNDECLARED_SELECTOR = YES;
				GCC_WARN_UNINITIALIZED_AUTOS = YES_AGGRESSIVE;
				GCC_WARN_UNUSED_FUNCTION = YES;
				GCC_WARN_UNUSED_VARIABLE = YES;
				IPHONEOS_DEPLOYMENT_TARGET = 7.1;
				SDKROOT = iphoneos;
				VALIDATE_PRODUCT = YES;
			};
			name = Release;
		};
		CFF3B0D6191999A100F9598B /* Debug */ = {
			isa = XCBuildConfiguration;
			buildSettings = {
				ASSETCATALOG_COMPILER_APPICON_NAME = AppIcon;
				ASSETCATALOG_COMPILER_LAUNCHIMAGE_NAME = LaunchImage;
				GCC_PRECOMPILE_PREFIX_HEADER = YES;
				GCC_PREFIX_HEADER = "Locationizer/Locationizer-Prefix.pch";
				INFOPLIST_FILE = "Locationizer/Locationizer-Info.plist";
				PRODUCT_NAME = "$(TARGET_NAME)";
				WRAPPER_EXTENSION = app;
			};
			name = Debug;
		};
		CFF3B0D7191999A100F9598B /* Release */ = {
			isa = XCBuildConfiguration;
			buildSettings = {
				ASSETCATALOG_COMPILER_APPICON_NAME = AppIcon;
				ASSETCATALOG_COMPILER_LAUNCHIMAGE_NAME = LaunchImage;
				GCC_PRECOMPILE_PREFIX_HEADER = YES;
				GCC_PREFIX_HEADER = "Locationizer/Locationizer-Prefix.pch";
				INFOPLIST_FILE = "Locationizer/Locationizer-Info.plist";
				PRODUCT_NAME = "$(TARGET_NAME)";
				WRAPPER_EXTENSION = app;
			};
			name = Release;
		};
		CFF3B0D9191999A100F9598B /* Debug */ = {
			isa = XCBuildConfiguration;
			buildSettings = {
				BUNDLE_LOADER = "$(BUILT_PRODUCTS_DIR)/Locationizer.app/Locationizer";
				FRAMEWORK_SEARCH_PATHS = (
					"$(SDKROOT)/Developer/Library/Frameworks",
					"$(inherited)",
					"$(DEVELOPER_FRAMEWORKS_DIR)",
				);
				GCC_PRECOMPILE_PREFIX_HEADER = YES;
				GCC_PREFIX_HEADER = "Locationizer/Locationizer-Prefix.pch";
				GCC_PREPROCESSOR_DEFINITIONS = (
					"DEBUG=1",
					"$(inherited)",
				);
				INFOPLIST_FILE = "LocationizerTests/LocationizerTests-Info.plist";
				PRODUCT_NAME = "$(TARGET_NAME)";
				TEST_HOST = "$(BUNDLE_LOADER)";
				WRAPPER_EXTENSION = xctest;
			};
			name = Debug;
		};
		CFF3B0DA191999A100F9598B /* Release */ = {
			isa = XCBuildConfiguration;
			buildSettings = {
				BUNDLE_LOADER = "$(BUILT_PRODUCTS_DIR)/Locationizer.app/Locationizer";
				FRAMEWORK_SEARCH_PATHS = (
					"$(SDKROOT)/Developer/Library/Frameworks",
					"$(inherited)",
					"$(DEVELOPER_FRAMEWORKS_DIR)",
				);
				GCC_PRECOMPILE_PREFIX_HEADER = YES;
				GCC_PREFIX_HEADER = "Locationizer/Locationizer-Prefix.pch";
				INFOPLIST_FILE = "LocationizerTests/LocationizerTests-Info.plist";
				PRODUCT_NAME = "$(TARGET_NAME)";
				TEST_HOST = "$(BUNDLE_LOADER)";
				WRAPPER_EXTENSION = xctest;
			};
			name = Release;
		};
/* End XCBuildConfiguration section */

/* Begin XCConfigurationList section */
		CFF3B09E191999A100F9598B /* Build configuration list for PBXProject "Locationizer" */ = {
			isa = XCConfigurationList;
			buildConfigurations = (
				CFF3B0D3191999A100F9598B /* Debug */,
				CFF3B0D4191999A100F9598B /* Release */,
			);
			defaultConfigurationIsVisible = 0;
			defaultConfigurationName = Release;
		};
		CFF3B0D5191999A100F9598B /* Build configuration list for PBXNativeTarget "Locationizer" */ = {
			isa = XCConfigurationList;
			buildConfigurations = (
				CFF3B0D6191999A100F9598B /* Debug */,
				CFF3B0D7191999A100F9598B /* Release */,
			);
			defaultConfigurationIsVisible = 0;
		};
		CFF3B0D8191999A100F9598B /* Build configuration list for PBXNativeTarget "LocationizerTests" */ = {
			isa = XCConfigurationList;
			buildConfigurations = (
				CFF3B0D9191999A100F9598B /* Debug */,
				CFF3B0DA191999A100F9598B /* Release */,
			);
			defaultConfigurationIsVisible = 0;
		};
/* End XCConfigurationList section */
	};
	rootObject = CFF3B09B191999A100F9598B /* Project object */;
}
